
Microsoft Visual Studio Solution File, Format Version 12.00
# Visual Studio Version 17
VisualStudioVersion = 17.13.35919.96
MinimumVisualStudioVersion = 10.0.40219.1
Project("{2150E333-8FDC-42A3-9474-1A3956D46DE8}") = "1.servicios", "1.servicios", "{02EA681E-C7D8-13C7-8484-4AC65E1B71E8}"
EndProject
Project("{2150E333-8FDC-42A3-9474-1A3956D46DE8}") = "2.negocio", "2.negocio", "{21F33FF2-29D1-4AA1-B5F7-AB9CEF19B0FB}"
EndProject
Project("{2150E333-8FDC-42A3-9474-1A3956D46DE8}") = "3.accesoData", "3.accesoData", "{747A30D5-EACA-4822-8039-0B6B11008CDF}"
EndProject
Project("{FAE04EC0-301F-11D3-BF4B-00C04F79EFBC}") = "ElCliente.API", "ElCliente.API\ElCliente.API.csproj", "{11BC36AA-F366-4047-ACAF-9DD7A25995C4}"
EndProject
Project("{FAE04EC0-301F-11D3-BF4B-00C04F79EFBC}") = "ElCliente.BLL", "ElCliente.BLL\ElCliente.BLL.csproj", "{4BCFF2A6-2DB7-4A8F-8653-FD8DBE4B49F3}"
EndProject
Project("{FAE04EC0-301F-11D3-BF4B-00C04F79EFBC}") = "ElCliente.DAL", "ElCliente.DAL\ElCliente.DAL.csproj", "{B0F01360-77D0-4180-9A03-B4EF6A3D9F7D}"
EndProject
Project("{2150E333-8FDC-42A3-9474-1A3956D46DE8}") = "Entidades", "Entidades", "{38524C8A-93E7-4A96-A79E-BF6DB42733CB}"
EndProject
Project("{FAE04EC0-301F-11D3-BF4B-00C04F79EFBC}") = "ElCliente.Modelos", "ElCliente.Modelos\ElCliente.Modelos.csproj", "{0AE50147-6102-4035-81F8-FF330B691EE5}"
EndProject
Project("{2150E333-8FDC-42A3-9474-1A3956D46DE8}") = "dependencias", "dependencias", "{3C297BDD-501A-4CC4-BFEB-A6E4140F5F52}"
EndProject
Project("{FAE04EC0-301F-11D3-BF4B-00C04F79EFBC}") = "Dependencias", "Dependencias\Dependencias.csproj", "{2A281A23-B3F4-47C2-9A03-724FEEEF729D}"
EndProject
Global
	GlobalSection(SolutionConfigurationPlatforms) = preSolution
		Debug|Any CPU = Debug|Any CPU
		Release|Any CPU = Release|Any CPU
	EndGlobalSection
	GlobalSection(ProjectConfigurationPlatforms) = postSolution
		{11BC36AA-F366-4047-ACAF-9DD7A25995C4}.Debug|Any CPU.ActiveCfg = Debug|Any CPU
		{11BC36AA-F366-4047-ACAF-9DD7A25995C4}.Debug|Any CPU.Build.0 = Debug|Any CPU
		{11BC36AA-F366-4047-ACAF-9DD7A25995C4}.Release|Any CPU.ActiveCfg = Release|Any CPU
		{11BC36AA-F366-4047-ACAF-9DD7A25995C4}.Release|Any CPU.Build.0 = Release|Any CPU
		{4BCFF2A6-2DB7-4A8F-8653-FD8DBE4B49F3}.Debug|Any CPU.ActiveCfg = Debug|Any CPU
		{4BCFF2A6-2DB7-4A8F-8653-FD8DBE4B49F3}.Debug|Any CPU.Build.0 = Debug|Any CPU
		{4BCFF2A6-2DB7-4A8F-8653-FD8DBE4B49F3}.Release|Any CPU.ActiveCfg = Release|Any CPU
		{4BCFF2A6-2DB7-4A8F-8653-FD8DBE4B49F3}.Release|Any CPU.Build.0 = Release|Any CPU
		{B0F01360-77D0-4180-9A03-B4EF6A3D9F7D}.Debug|Any CPU.ActiveCfg = Debug|Any CPU
		{B0F01360-77D0-4180-9A03-B4EF6A3D9F7D}.Debug|Any CPU.Build.0 = Debug|Any CPU
		{B0F01360-77D0-4180-9A03-B4EF6A3D9F7D}.Release|Any CPU.ActiveCfg = Release|Any CPU
		{B0F01360-77D0-4180-9A03-B4EF6A3D9F7D}.Release|Any CPU.Build.0 = Release|Any CPU
		{0AE50147-6102-4035-81F8-FF330B691EE5}.Debug|Any CPU.ActiveCfg = Debug|Any CPU
		{0AE50147-6102-4035-81F8-FF330B691EE5}.Debug|Any CPU.Build.0 = Debug|Any CPU
		{0AE50147-6102-4035-81F8-FF330B691EE5}.Release|Any CPU.ActiveCfg = Release|Any CPU
		{0AE50147-6102-4035-81F8-FF330B691EE5}.Release|Any CPU.Build.0 = Release|Any CPU
		{2A281A23-B3F4-47C2-9A03-724FEEEF729D}.Debug|Any CPU.ActiveCfg = Debug|Any CPU
		{2A281A23-B3F4-47C2-9A03-724FEEEF729D}.Debug|Any CPU.Build.0 = Debug|Any CPU
		{2A281A23-B3F4-47C2-9A03-724FEEEF729D}.Release|Any CPU.ActiveCfg = Release|Any CPU
		{2A281A23-B3F4-47C2-9A03-724FEEEF729D}.Release|Any CPU.Build.0 = Release|Any CPU
	EndGlobalSection
	GlobalSection(SolutionProperties) = preSolution
		HideSolutionNode = FALSE
	EndGlobalSection
	GlobalSection(NestedProjects) = preSolution
		{11BC36AA-F366-4047-ACAF-9DD7A25995C4} = {02EA681E-C7D8-13C7-8484-4AC65E1B71E8}
		{4BCFF2A6-2DB7-4A8F-8653-FD8DBE4B49F3} = {21F33FF2-29D1-4AA1-B5F7-AB9CEF19B0FB}
		{B0F01360-77D0-4180-9A03-B4EF6A3D9F7D} = {747A30D5-EACA-4822-8039-0B6B11008CDF}
		{0AE50147-6102-4035-81F8-FF330B691EE5} = {38524C8A-93E7-4A96-A79E-BF6DB42733CB}
		{2A281A23-B3F4-47C2-9A03-724FEEEF729D} = {3C297BDD-501A-4CC4-BFEB-A6E4140F5F52}
	EndGlobalSection
	GlobalSection(ExtensibilityGlobals) = postSolution
		SolutionGuid = {061BA698-BF11-4C38-9E3A-715D7CCB3F58}
	EndGlobalSection
EndGlobal
